// !$*UTF8*$!
{
	archiveVersion = 1;
	classes = {
	};
	objectVersion = 50;
	objects = {

/* Begin PBXBuildFile section */
		19A42F57FED23F2920DECF11 /* Pods_KittyChallenge.framework in Frameworks */ = {isa = PBXBuildFile; fileRef = 58CA25DE319445FD292E3399 /* Pods_KittyChallenge.framework */; };
		629BE80622E53B96003267DC /* AppDelegate.swift in Sources */ = {isa = PBXBuildFile; fileRef = 629BE80522E53B96003267DC /* AppDelegate.swift */; };
		629BE80822E53B96003267DC /* ViewController.swift in Sources */ = {isa = PBXBuildFile; fileRef = 629BE80722E53B96003267DC /* ViewController.swift */; };
		629BE80B22E53B96003267DC /* Main.storyboard in Resources */ = {isa = PBXBuildFile; fileRef = 629BE80922E53B96003267DC /* Main.storyboard */; };
		629BE80D22E53BA4003267DC /* Assets.xcassets in Resources */ = {isa = PBXBuildFile; fileRef = 629BE80C22E53BA4003267DC /* Assets.xcassets */; };
		629BE81022E53BA4003267DC /* LaunchScreen.storyboard in Resources */ = {isa = PBXBuildFile; fileRef = 629BE80E22E53BA4003267DC /* LaunchScreen.storyboard */; };
		629BE81B22E53BA4003267DC /* KittyChallengeTests.swift in Sources */ = {isa = PBXBuildFile; fileRef = 629BE81A22E53BA4003267DC /* KittyChallengeTests.swift */; };
/* End PBXBuildFile section */

/* Begin PBXContainerItemProxy section */
		629BE81722E53BA4003267DC /* PBXContainerItemProxy */ = {
			isa = PBXContainerItemProxy;
			containerPortal = 629BE7FA22E53B96003267DC /* Project object */;
			proxyType = 1;
			remoteGlobalIDString = 629BE80122E53B96003267DC;
			remoteInfo = KittyChallenge;
		};
/* End PBXContainerItemProxy section */

/* Begin PBXFileReference section */
		3BE93AF27F8D54C837B80FA9 /* Pods-KittyChallenge.debug.xcconfig */ = {isa = PBXFileReference; includeInIndex = 1; lastKnownFileType = text.xcconfig; name = "Pods-KittyChallenge.debug.xcconfig"; path = "Pods/Target Support Files/Pods-KittyChallenge/Pods-KittyChallenge.debug.xcconfig"; sourceTree = "<group>"; };
		52EF5FCC413461816AB822AF /* Pods-KittyChallenge.release.xcconfig */ = {isa = PBXFileReference; includeInIndex = 1; lastKnownFileType = text.xcconfig; name = "Pods-KittyChallenge.release.xcconfig"; path = "Pods/Target Support Files/Pods-KittyChallenge/Pods-KittyChallenge.release.xcconfig"; sourceTree = "<group>"; };
		58CA25DE319445FD292E3399 /* Pods_KittyChallenge.framework */ = {isa = PBXFileReference; explicitFileType = wrapper.framework; includeInIndex = 0; path = Pods_KittyChallenge.framework; sourceTree = BUILT_PRODUCTS_DIR; };
		629BE80222E53B96003267DC /* KittyChallenge.app */ = {isa = PBXFileReference; explicitFileType = wrapper.application; includeInIndex = 0; path = KittyChallenge.app; sourceTree = BUILT_PRODUCTS_DIR; };
		629BE80522E53B96003267DC /* AppDelegate.swift */ = {isa = PBXFileReference; lastKnownFileType = sourcecode.swift; path = AppDelegate.swift; sourceTree = "<group>"; };
		629BE80722E53B96003267DC /* ViewController.swift */ = {isa = PBXFileReference; lastKnownFileType = sourcecode.swift; path = ViewController.swift; sourceTree = "<group>"; };
		629BE80A22E53B96003267DC /* Base */ = {isa = PBXFileReference; lastKnownFileType = file.storyboard; name = Base; path = Base.lproj/Main.storyboard; sourceTree = "<group>"; };
		629BE80C22E53BA4003267DC /* Assets.xcassets */ = {isa = PBXFileReference; lastKnownFileType = folder.assetcatalog; path = Assets.xcassets; sourceTree = "<group>"; };
		629BE80F22E53BA4003267DC /* Base */ = {isa = PBXFileReference; lastKnownFileType = file.storyboard; name = Base; path = Base.lproj/LaunchScreen.storyboard; sourceTree = "<group>"; };
		629BE81122E53BA4003267DC /* Info.plist */ = {isa = PBXFileReference; lastKnownFileType = text.plist.xml; path = Info.plist; sourceTree = "<group>"; };
		629BE81622E53BA4003267DC /* KittyChallengeTests.xctest */ = {isa = PBXFileReference; explicitFileType = wrapper.cfbundle; includeInIndex = 0; path = KittyChallengeTests.xctest; sourceTree = BUILT_PRODUCTS_DIR; };
		629BE81A22E53BA4003267DC /* KittyChallengeTests.swift */ = {isa = PBXFileReference; lastKnownFileType = sourcecode.swift; path = KittyChallengeTests.swift; sourceTree = "<group>"; };
		629BE81C22E53BA4003267DC /* Info.plist */ = {isa = PBXFileReference; lastKnownFileType = text.plist.xml; path = Info.plist; sourceTree = "<group>"; };
/* End PBXFileReference section */

/* Begin PBXFrameworksBuildPhase section */
		629BE7FF22E53B96003267DC /* Frameworks */ = {
			isa = PBXFrameworksBuildPhase;
			buildActionMask = 2147483647;
			files = (
				19A42F57FED23F2920DECF11 /* Pods_KittyChallenge.framework in Frameworks */,
			);
			runOnlyForDeploymentPostprocessing = 0;
		};
		629BE81322E53BA4003267DC /* Frameworks */ = {
			isa = PBXFrameworksBuildPhase;
			buildActionMask = 2147483647;
			files = (
			);
			runOnlyForDeploymentPostprocessing = 0;
		};
/* End PBXFrameworksBuildPhase section */

/* Begin PBXGroup section */
		629BE7F922E53B96003267DC = {
			isa = PBXGroup;
			children = (
				629BE80422E53B96003267DC /* KittyChallenge */,
				629BE81922E53BA4003267DC /* KittyChallengeTests */,
				629BE80322E53B96003267DC /* Products */,
				7B59ABFF07AA41D1733B1A30 /* Pods */,
				9342D652A01670B3FE1D0D94 /* Frameworks */,
			);
			sourceTree = "<group>";
		};
		629BE80322E53B96003267DC /* Products */ = {
			isa = PBXGroup;
			children = (
				629BE80222E53B96003267DC /* KittyChallenge.app */,
				629BE81622E53BA4003267DC /* KittyChallengeTests.xctest */,
			);
			name = Products;
			sourceTree = "<group>";
		};
		629BE80422E53B96003267DC /* KittyChallenge */ = {
			isa = PBXGroup;
			children = (
				629BE82522E53BE0003267DC /* Application */,
				629BE82622E53BEA003267DC /* Models */,
				629BE82722E53BF2003267DC /* Views */,
				629BE82822E53BF9003267DC /* ViewModels */,
				629BE82922E53C0E003267DC /* Storyboards */,
				629BE81122E53BA4003267DC /* Info.plist */,
			);
			path = KittyChallenge;
			sourceTree = "<group>";
		};
		629BE81922E53BA4003267DC /* KittyChallengeTests */ = {
			isa = PBXGroup;
			children = (
				629BE81A22E53BA4003267DC /* KittyChallengeTests.swift */,
				629BE81C22E53BA4003267DC /* Info.plist */,
			);
			path = KittyChallengeTests;
			sourceTree = "<group>";
		};
		629BE82522E53BE0003267DC /* Application */ = {
			isa = PBXGroup;
			children = (
				629BE80C22E53BA4003267DC /* Assets.xcassets */,
				629BE80522E53B96003267DC /* AppDelegate.swift */,
			);
			path = Application;
			sourceTree = "<group>";
		};
		629BE82622E53BEA003267DC /* Models */ = {
			isa = PBXGroup;
			children = (
			);
			path = Models;
			sourceTree = "<group>";
		};
		629BE82722E53BF2003267DC /* Views */ = {
			isa = PBXGroup;
			children = (
				629BE80722E53B96003267DC /* ViewController.swift */,
			);
			path = Views;
			sourceTree = "<group>";
		};
		629BE82822E53BF9003267DC /* ViewModels */ = {
			isa = PBXGroup;
			children = (
			);
			path = ViewModels;
			sourceTree = "<group>";
		};
		629BE82922E53C0E003267DC /* Storyboards */ = {
			isa = PBXGroup;
			children = (
				629BE80922E53B96003267DC /* Main.storyboard */,
				629BE80E22E53BA4003267DC /* LaunchScreen.storyboard */,
			);
			path = Storyboards;
			sourceTree = "<group>";
		};
		7B59ABFF07AA41D1733B1A30 /* Pods */ = {
			isa = PBXGroup;
			children = (
				3BE93AF27F8D54C837B80FA9 /* Pods-KittyChallenge.debug.xcconfig */,
				52EF5FCC413461816AB822AF /* Pods-KittyChallenge.release.xcconfig */,
			);
			name = Pods;
			sourceTree = "<group>";
		};
		9342D652A01670B3FE1D0D94 /* Frameworks */ = {
			isa = PBXGroup;
			children = (
				58CA25DE319445FD292E3399 /* Pods_KittyChallenge.framework */,
			);
			name = Frameworks;
			sourceTree = "<group>";
		};
/* End PBXGroup section */

/* Begin PBXNativeTarget section */
		629BE80122E53B96003267DC /* KittyChallenge */ = {
			isa = PBXNativeTarget;
			buildConfigurationList = 629BE81F22E53BA4003267DC /* Build configuration list for PBXNativeTarget "KittyChallenge" */;
			buildPhases = (
				B11F9706C640951534D6BCBC /* [CP] Check Pods Manifest.lock */,
				629BE7FE22E53B96003267DC /* Sources */,
				629BE7FF22E53B96003267DC /* Frameworks */,
				629BE80022E53B96003267DC /* Resources */,
				B843A0F3738A95DA528FB46D /* [CP] Embed Pods Frameworks */,
			);
			buildRules = (
			);
			dependencies = (
			);
			name = KittyChallenge;
			productName = KittyChallenge;
			productReference = 629BE80222E53B96003267DC /* KittyChallenge.app */;
			productType = "com.apple.product-type.application";
		};
		629BE81522E53BA4003267DC /* KittyChallengeTests */ = {
			isa = PBXNativeTarget;
			buildConfigurationList = 629BE82222E53BA4003267DC /* Build configuration list for PBXNativeTarget "KittyChallengeTests" */;
			buildPhases = (
				629BE81222E53BA4003267DC /* Sources */,
				629BE81322E53BA4003267DC /* Frameworks */,
				629BE81422E53BA4003267DC /* Resources */,
			);
			buildRules = (
			);
			dependencies = (
				629BE81822E53BA4003267DC /* PBXTargetDependency */,
			);
			name = KittyChallengeTests;
			productName = KittyChallengeTests;
			productReference = 629BE81622E53BA4003267DC /* KittyChallengeTests.xctest */;
			productType = "com.apple.product-type.bundle.unit-test";
		};
/* End PBXNativeTarget section */

/* Begin PBXProject section */
		629BE7FA22E53B96003267DC /* Project object */ = {
			isa = PBXProject;
			attributes = {
				LastSwiftUpdateCheck = 1020;
				LastUpgradeCheck = 1020;
				ORGANIZATIONNAME = "Jeff Tabios";
				TargetAttributes = {
					629BE80122E53B96003267DC = {
						CreatedOnToolsVersion = 10.2.1;
					};
					629BE81522E53BA4003267DC = {
						CreatedOnToolsVersion = 10.2.1;
						TestTargetID = 629BE80122E53B96003267DC;
					};
				};
			};
			buildConfigurationList = 629BE7FD22E53B96003267DC /* Build configuration list for PBXProject "KittyChallenge" */;
			compatibilityVersion = "Xcode 9.3";
			developmentRegion = en;
			hasScannedForEncodings = 0;
			knownRegions = (
				en,
				Base,
			);
			mainGroup = 629BE7F922E53B96003267DC;
			productRefGroup = 629BE80322E53B96003267DC /* Products */;
			projectDirPath = "";
			projectRoot = "";
			targets = (
				629BE80122E53B96003267DC /* KittyChallenge */,
				629BE81522E53BA4003267DC /* KittyChallengeTests */,
			);
		};
/* End PBXProject section */

/* Begin PBXResourcesBuildPhase section */
		629BE80022E53B96003267DC /* Resources */ = {
			isa = PBXResourcesBuildPhase;
			buildActionMask = 2147483647;
			files = (
				629BE81022E53BA4003267DC /* LaunchScreen.storyboard in Resources */,
				629BE80D22E53BA4003267DC /* Assets.xcassets in Resources */,
				629BE80B22E53B96003267DC /* Main.storyboard in Resources */,
			);
			runOnlyForDeploymentPostprocessing = 0;
		};
		629BE81422E53BA4003267DC /* Resources */ = {
			isa = PBXResourcesBuildPhase;
			buildActionMask = 2147483647;
			files = (
			);
			runOnlyForDeploymentPostprocessing = 0;
		};
/* End PBXResourcesBuildPhase section */

/* Begin PBXShellScriptBuildPhase section */
		B11F9706C640951534D6BCBC /* [CP] Check Pods Manifest.lock */ = {
			isa = PBXShellScriptBuildPhase;
			buildActionMask = 2147483647;
			files = (
			);
			inputFileListPaths = (
			);
			inputPaths = (
				"${PODS_PODFILE_DIR_PATH}/Podfile.lock",
				"${PODS_ROOT}/Manifest.lock",
			);
			name = "[CP] Check Pods Manifest.lock";
			outputFileListPaths = (
			);
			outputPaths = (
				"$(DERIVED_FILE_DIR)/Pods-KittyChallenge-checkManifestLockResult.txt",
			);
			runOnlyForDeploymentPostprocessing = 0;
			shellPath = /bin/sh;
			shellScript = "diff \"${PODS_PODFILE_DIR_PATH}/Podfile.lock\" \"${PODS_ROOT}/Manifest.lock\" > /dev/null\nif [ $? != 0 ] ; then\n    # print error to STDERR\n    echo \"error: The sandbox is not in sync with the Podfile.lock. Run 'pod install' or update your CocoaPods installation.\" >&2\n    exit 1\nfi\n# This output is used by Xcode 'outputs' to avoid re-running this script phase.\necho \"SUCCESS\" > \"${SCRIPT_OUTPUT_FILE_0}\"\n";
			showEnvVarsInLog = 0;
		};
		B843A0F3738A95DA528FB46D /* [CP] Embed Pods Frameworks */ = {
			isa = PBXShellScriptBuildPhase;
			buildActionMask = 2147483647;
			files = (
			);
			inputFileListPaths = (
			);
			inputPaths = (
				"${SRCROOT}/Pods/Target Support Files/Pods-KittyChallenge/Pods-KittyChallenge-frameworks.sh",
				"${BUILT_PRODUCTS_DIR}/Kingfisher/Kingfisher.framework",
				"${BUILT_PRODUCTS_DIR}/Networking/Networking.framework",
			);
			name = "[CP] Embed Pods Frameworks";
			outputFileListPaths = (
			);
			outputPaths = (
				"${TARGET_BUILD_DIR}/${FRAMEWORKS_FOLDER_PATH}/Kingfisher.framework",
				"${TARGET_BUILD_DIR}/${FRAMEWORKS_FOLDER_PATH}/Networking.framework",
			);
			runOnlyForDeploymentPostprocessing = 0;
			shellPath = /bin/sh;
			shellScript = "\"${SRCROOT}/Pods/Target Support Files/Pods-KittyChallenge/Pods-KittyChallenge-frameworks.sh\"\n";
			showEnvVarsInLog = 0;
		};
/* End PBXShellScriptBuildPhase section */

/* Begin PBXSourcesBuildPhase section */
		629BE7FE22E53B96003267DC /* Sources */ = {
			isa = PBXSourcesBuildPhase;
			buildActionMask = 2147483647;
			files = (
				629BE80822E53B96003267DC /* ViewController.swift in Sources */,
				629BE80622E53B96003267DC /* AppDelegate.swift in Sources */,
			);
			runOnlyForDeploymentPostprocessing = 0;
		};
		629BE81222E53BA4003267DC /* Sources */ = {
			isa = PBXSourcesBuildPhase;
			buildActionMask = 2147483647;
			files = (
				629BE81B22E53BA4003267DC /* KittyChallengeTests.swift in Sources */,
			);
			runOnlyForDeploymentPostprocessing = 0;
		};
/* End PBXSourcesBuildPhase section */

/* Begin PBXTargetDependency section */
		629BE81822E53BA4003267DC /* PBXTargetDependency */ = {
			isa = PBXTargetDependency;
			target = 629BE80122E53B96003267DC /* KittyChallenge */;
			targetProxy = 629BE81722E53BA4003267DC /* PBXContainerItemProxy */;
		};
/* End PBXTargetDependency section */

/* Begin PBXVariantGroup section */
		629BE80922E53B96003267DC /* Main.storyboard */ = {
			isa = PBXVariantGroup;
			children = (
				629BE80A22E53B96003267DC /* Base */,
			);
			name = Main.storyboard;
			sourceTree = "<group>";
		};
		629BE80E22E53BA4003267DC /* LaunchScreen.storyboard */ = {
			isa = PBXVariantGroup;
			children = (
				629BE80F22E53BA4003267DC /* Base */,
			);
			name = LaunchScreen.storyboard;
			sourceTree = "<group>";
		};
/* End PBXVariantGroup section */

/* Begin XCBuildConfiguration section */
		629BE81D22E53BA4003267DC /* Debug */ = {
			isa = XCBuildConfiguration;
			buildSettings = {
				ALWAYS_SEARCH_USER_PATHS = NO;
				CLANG_ANALYZER_NONNULL = YES;
				CLANG_ANALYZER_NUMBER_OBJECT_CONVERSION = YES_AGGRESSIVE;
				CLANG_CXX_LANGUAGE_STANDARD = "gnu++14";
				CLANG_CXX_LIBRARY = "libc++";
				CLANG_ENABLE_MODULES = YES;
				CLANG_ENABLE_OBJC_ARC = YES;
				CLANG_ENABLE_OBJC_WEAK = YES;
				CLANG_WARN_BLOCK_CAPTURE_AUTORELEASING = YES;
				CLANG_WARN_BOOL_CONVERSION = YES;
				CLANG_WARN_COMMA = YES;
				CLANG_WARN_CONSTANT_CONVERSION = YES;
				CLANG_WARN_DEPRECATED_OBJC_IMPLEMENTATIONS = YES;
				CLANG_WARN_DIRECT_OBJC_ISA_USAGE = YES_ERROR;
				CLANG_WARN_DOCUMENTATION_COMMENTS = YES;
				CLANG_WARN_EMPTY_BODY = YES;
				CLANG_WARN_ENUM_CONVERSION = YES;
				CLANG_WARN_INFINITE_RECURSION = YES;
				CLANG_WARN_INT_CONVERSION = YES;
				CLANG_WARN_NON_LITERAL_NULL_CONVERSION = YES;
				CLANG_WARN_OBJC_IMPLICIT_RETAIN_SELF = YES;
				CLANG_WARN_OBJC_LITERAL_CONVERSION = YES;
				CLANG_WARN_OBJC_ROOT_CLASS = YES_ERROR;
				CLANG_WARN_RANGE_LOOP_ANALYSIS = YES;
				CLANG_WARN_STRICT_PROTOTYPES = YES;
				CLANG_WARN_SUSPICIOUS_MOVE = YES;
				CLANG_WARN_UNGUARDED_AVAILABILITY = YES_AGGRESSIVE;
				CLANG_WARN_UNREACHABLE_CODE = YES;
				CLANG_WARN__DUPLICATE_METHOD_MATCH = YES;
				CODE_SIGN_IDENTITY = "iPhone Developer";
				COPY_PHASE_STRIP = NO;
				DEBUG_INFORMATION_FORMAT = dwarf;
				ENABLE_STRICT_OBJC_MSGSEND = YES;
				ENABLE_TESTABILITY = YES;
				GCC_C_LANGUAGE_STANDARD = gnu11;
				GCC_DYNAMIC_NO_PIC = NO;
				GCC_NO_COMMON_BLOCKS = YES;
				GCC_OPTIMIZATION_LEVEL = 0;
				GCC_PREPROCESSOR_DEFINITIONS = (
					"DEBUG=1",
					"$(inherited)",
				);
				GCC_WARN_64_TO_32_BIT_CONVERSION = YES;
				GCC_WARN_ABOUT_RETURN_TYPE = YES_ERROR;
				GCC_WARN_UNDECLARED_SELECTOR = YES;
				GCC_WARN_UNINITIALIZED_AUTOS = YES_AGGRESSIVE;
				GCC_WARN_UNUSED_FUNCTION = YES;
				GCC_WARN_UNUSED_VARIABLE = YES;
				IPHONEOS_DEPLOYMENT_TARGET = 12.2;
				MTL_ENABLE_DEBUG_INFO = INCLUDE_SOURCE;
				MTL_FAST_MATH = YES;
				ONLY_ACTIVE_ARCH = YES;
				SDKROOT = iphoneos;
				SWIFT_ACTIVE_COMPILATION_CONDITIONS = DEBUG;
				SWIFT_OPTIMIZATION_LEVEL = "-Onone";
			};
			name = Debug;
		};
		629BE81E22E53BA4003267DC /* Release */ = {
			isa = XCBuildConfiguration;
			buildSettings = {
				ALWAYS_SEARCH_USER_PATHS = NO;
				CLANG_ANALYZER_NONNULL = YES;
				CLANG_ANALYZER_NUMBER_OBJECT_CONVERSION = YES_AGGRESSIVE;
				CLANG_CXX_LANGUAGE_STANDARD = "gnu++14";
				CLANG_CXX_LIBRARY = "libc++";
				CLANG_ENABLE_MODULES = YES;
				CLANG_ENABLE_OBJC_ARC = YES;
				CLANG_ENABLE_OBJC_WEAK = YES;
				CLANG_WARN_BLOCK_CAPTURE_AUTORELEASING = YES;
				CLANG_WARN_BOOL_CONVERSION = YES;
				CLANG_WARN_COMMA = YES;
				CLANG_WARN_CONSTANT_CONVERSION = YES;
				CLANG_WARN_DEPRECATED_OBJC_IMPLEMENTATIONS = YES;
				CLANG_WARN_DIRECT_OBJC_ISA_USAGE = YES_ERROR;
				CLANG_WARN_DOCUMENTATION_COMMENTS = YES;
				CLANG_WARN_EMPTY_BODY = YES;
				CLANG_WARN_ENUM_CONVERSION = YES;
				CLANG_WARN_INFINITE_RECURSION = YES;
				CLANG_WARN_INT_CONVERSION = YES;
				CLANG_WARN_NON_LITERAL_NULL_CONVERSION = YES;
				CLANG_WARN_OBJC_IMPLICIT_RETAIN_SELF = YES;
				CLANG_WARN_OBJC_LITERAL_CONVERSION = YES;
				CLANG_WARN_OBJC_ROOT_CLASS = YES_ERROR;
				CLANG_WARN_RANGE_LOOP_ANALYSIS = YES;
				CLANG_WARN_STRICT_PROTOTYPES = YES;
				CLANG_WARN_SUSPICIOUS_MOVE = YES;
				CLANG_WARN_UNGUARDED_AVAILABILITY = YES_AGGRESSIVE;
				CLANG_WARN_UNREACHABLE_CODE = YES;
				CLANG_WARN__DUPLICATE_METHOD_MATCH = YES;
				CODE_SIGN_IDENTITY = "iPhone Developer";
				COPY_PHASE_STRIP = NO;
				DEBUG_INFORMATION_FORMAT = "dwarf-with-dsym";
				ENABLE_NS_ASSERTIONS = NO;
				ENABLE_STRICT_OBJC_MSGSEND = YES;
				GCC_C_LANGUAGE_STANDARD = gnu11;
				GCC_NO_COMMON_BLOCKS = YES;
				GCC_WARN_64_TO_32_BIT_CONVERSION = YES;
				GCC_WARN_ABOUT_RETURN_TYPE = YES_ERROR;
				GCC_WARN_UNDECLARED_SELECTOR = YES;
				GCC_WARN_UNINITIALIZED_AUTOS = YES_AGGRESSIVE;
				GCC_WARN_UNUSED_FUNCTION = YES;
				GCC_WARN_UNUSED_VARIABLE = YES;
				IPHONEOS_DEPLOYMENT_TARGET = 12.2;
				MTL_ENABLE_DEBUG_INFO = NO;
				MTL_FAST_MATH = YES;
				SDKROOT = iphoneos;
				SWIFT_COMPILATION_MODE = wholemodule;
				SWIFT_OPTIMIZATION_LEVEL = "-O";
				VALIDATE_PRODUCT = YES;
			};
			name = Release;
		};
		629BE82022E53BA4003267DC /* Debug */ = {
			isa = XCBuildConfiguration;
			baseConfigurationReference = 3BE93AF27F8D54C837B80FA9 /* Pods-KittyChallenge.debug.xcconfig */;
			buildSettings = {
				ASSETCATALOG_COMPILER_APPICON_NAME = AppIcon;
				CODE_SIGN_STYLE = Automatic;
				DEVELOPMENT_TEAM = N6U6W99XWV;
				INFOPLIST_FILE = KittyChallenge/Info.plist;
				LD_RUNPATH_SEARCH_PATHS = (
					"$(inherited)",
					"@executable_path/Frameworks",
				);
				PRODUCT_BUNDLE_IDENTIFIER = com.testorg.KittyChallenge;
				PRODUCT_NAME = "$(TARGET_NAME)";
				SWIFT_VERSION = 5.0;
				TARGETED_DEVICE_FAMILY = "1,2";
			};
			name = Debug;
		};
		629BE82122E53BA4003267DC /* Release */ = {
			isa = XCBuildConfiguration;
			baseConfigurationReference = 52EF5FCC413461816AB822AF /* Pods-KittyChallenge.release.xcconfig */;
			buildSettings = {
				ASSETCATALOG_COMPILER_APPICON_NAME = AppIcon;
				CODE_SIGN_STYLE = Automatic;
				DEVELOPMENT_TEAM = N6U6W99XWV;
				INFOPLIST_FILE = KittyChallenge/Info.plist;
				LD_RUNPATH_SEARCH_PATHS = (
					"$(inherited)",
					"@executable_path/Frameworks",
				);
				PRODUCT_BUNDLE_IDENTIFIER = com.testorg.KittyChallenge;
				PRODUCT_NAME = "$(TARGET_NAME)";
				SWIFT_VERSION = 5.0;
				TARGETED_DEVICE_FAMILY = "1,2";
			};
			name = Release;
		};
		629BE82322E53BA4003267DC /* Debug */ = {
			isa = XCBuildConfiguration;
			buildSettings = {
				ALWAYS_EMBED_SWIFT_STANDARD_LIBRARIES = YES;
				BUNDLE_LOADER = "$(TEST_HOST)";
				CODE_SIGN_STYLE = Automatic;
				DEVELOPMENT_TEAM = N6U6W99XWV;
				INFOPLIST_FILE = KittyChallengeTests/Info.plist;
				LD_RUNPATH_SEARCH_PATHS = (
					"$(inherited)",
					"@executable_path/Frameworks",
					"@loader_path/Frameworks",
				);
				PRODUCT_BUNDLE_IDENTIFIER = com.testorg.KittyChallengeTests;
				PRODUCT_NAME = "$(TARGET_NAME)";
				SWIFT_VERSION = 5.0;
				TARGETED_DEVICE_FAMILY = "1,2";
				TEST_HOST = "$(BUILT_PRODUCTS_DIR)/KittyChallenge.app/KittyChallenge";
			};
			name = Debug;
		};
		629BE82422E53BA4003267DC /* Release */ = {
			isa = XCBuildConfiguration;
			buildSettings = {
				ALWAYS_EMBED_SWIFT_STANDARD_LIBRARIES = YES;
				BUNDLE_LOADER = "$(TEST_HOST)";
				CODE_SIGN_STYLE = Automatic;
				DEVELOPMENT_TEAM = N6U6W99XWV;
				INFOPLIST_FILE = KittyChallengeTests/Info.plist;
				LD_RUNPATH_SEARCH_PATHS = (
					"$(inherited)",
					"@executable_path/Frameworks",
					"@loader_path/Frameworks",
				);
				PRODUCT_BUNDLE_IDENTIFIER = com.testorg.KittyChallengeTests;
				PRODUCT_NAME = "$(TARGET_NAME)";
				SWIFT_VERSION = 5.0;
				TARGETED_DEVICE_FAMILY = "1,2";
				TEST_HOST = "$(BUILT_PRODUCTS_DIR)/KittyChallenge.app/KittyChallenge";
			};
			name = Release;
		};
/* End XCBuildConfiguration section */

/* Begin XCConfigurationList section */
		629BE7FD22E53B96003267DC /* Build configuration list for PBXProject "KittyChallenge" */ = {
			isa = XCConfigurationList;
			buildConfigurations = (
				629BE81D22E53BA4003267DC /* Debug */,
				629BE81E22E53BA4003267DC /* Release */,
			);
			defaultConfigurationIsVisible = 0;
			defaultConfigurationName = Release;
		};
		629BE81F22E53BA4003267DC /* Build configuration list for PBXNativeTarget "KittyChallenge" */ = {
			isa = XCConfigurationList;
			buildConfigurations = (
				629BE82022E53BA4003267DC /* Debug */,
				629BE82122E53BA4003267DC /* Release */,
			);
			defaultConfigurationIsVisible = 0;
			defaultConfigurationName = Release;
		};
		629BE82222E53BA4003267DC /* Build configuration list for PBXNativeTarget "KittyChallengeTests" */ = {
			isa = XCConfigurationList;
			buildConfigurations = (
				629BE82322E53BA4003267DC /* Debug */,
				629BE82422E53BA4003267DC /* Release */,
			);
			defaultConfigurationIsVisible = 0;
			defaultConfigurationName = Release;
		};
/* End XCConfigurationList section */
	};
	rootObject = 629BE7FA22E53B96003267DC /* Project object */;
}
